
Microsoft Visual Studio Solution File, Format Version 10.00
# Visual Studio 2008
Project("{8BC9CEB8-8B4A-11D0-8D11-00A0C91BC942}") = "ObjectManager", "ObjectManager\ObjectManager.vcproj", "{CED126EF-3761-4D23-AD7D-50CFD7E76FDB}"
EndProject
Global
	GlobalSection(SolutionConfigurationPlatforms) = preSolution
		Debug|Win32 = Debug|Win32
		Release|Win32 = Release|Win32
	EndGlobalSection
	GlobalSection(ProjectConfigurationPlatforms) = postSolution
		{CED126EF-3761-4D23-AD7D-50CFD7E76FDB}.Debug|Win32.ActiveCfg = Debug|Win32
		{CED126EF-3761-4D23-AD7D-50CFD7E76FDB}.Debug|Win32.Build.0 = Debug|Win32
		{CED126EF-3761-4D23-AD7D-50CFD7E76FDB}.Release|Win32.ActiveCfg = Release|Win32
		{CED126EF-3761-4D23-AD7D-50CFD7E76FDB}.Release|Win32.Build.0 = Release|Win32
	EndGlobalSection
	GlobalSection(SolutionProperties) = preSolution
		HideSolutionNode = FALSE
	EndGlobalSection
EndGlobal
